
Microsoft Visual Studio Solution File, Format Version 12.00
# Visual Studio Version 17
VisualStudioVersion = 17.14.36414.22
MinimumVisualStudioVersion = 10.0.40219.1
Project("{FAE04EC0-301F-11D3-BF4B-00C04F79EFBC}") = "Tyuiu.MedvedevDP.Sprint1.Task0.V26", "Tyuiu.MedvedevDP.Sprint1.Task0.V26\Tyuiu.MedvedevDP.Sprint1.Task0.V26.csproj", "{3980C5FA-AFEE-49AD-A19C-8BA7DA680CC8}"
EndProject
Project("{FAE04EC0-301F-11D3-BF4B-00C04F79EFBC}") = "Tyuiu.MedvedevDP.Sprint1.Task0.V26.Lib", "Tyuiu.MedvedevDP.Sprint1.Task0.V26.Lib\Tyuiu.MedvedevDP.Sprint1.Task0.V26.Lib.csproj", "{0759DE53-19D5-4813-9048-C8C32046B306}"
EndProject
Project("{FAE04EC0-301F-11D3-BF4B-00C04F79EFBC}") = "Tyuiu.MedvedevDP.Sprint1.Task0.V26.Test", "Tyuiu.MedvedevDP.Sprint1.Task0.V26.Test\Tyuiu.MedvedevDP.Sprint1.Task0.V26.Test.csproj", "{08CA1453-A911-4D6F-9C9A-68C3E3DCF3BE}"
EndProject
Project("{FAE04EC0-301F-11D3-BF4B-00C04F79EFBC}") = "Tyuiu.MedvedevDP.Sprint1.Task1.V15", "Tyuiu.MedvedevDP.Sprint1.Task1.V15\Tyuiu.MedvedevDP.Sprint1.Task1.V15.csproj", "{30F6DC61-31BF-4327-9E38-2E5FEDA7C591}"
EndProject
Project("{FAE04EC0-301F-11D3-BF4B-00C04F79EFBC}") = "Tyuiu.MedvedevDP.Sprint1.Task1.V15.Test", "Tyuiu.MedvedevDP.Sprint1.Task1.V15.Test\Tyuiu.MedvedevDP.Sprint1.Task1.V15.Test.csproj", "{E95E6845-7B0F-4788-9A64-19242A7AD6EB}"
EndProject
Project("{FAE04EC0-301F-11D3-BF4B-00C04F79EFBC}") = "Tyuiu.MedvedevDP.Sprint1.Task1.V15.Lib", "Tyuiu.MedvedevDP.Sprint1.Task1.V15.Lib\Tyuiu.MedvedevDP.Sprint1.Task1.V15.Lib.csproj", "{22EA8F30-C69F-4A05-A6A2-B0B35478C8D2}"
EndProject
Project("{FAE04EC0-301F-11D3-BF4B-00C04F79EFBC}") = "Tyuiu.MedvedevDP.Sprint1.Task2.V4", "Tyuiu.MedvedevDP.Sprint1.Task2.V4\Tyuiu.MedvedevDP.Sprint1.Task2.V4.csproj", "{A7690796-8B04-416E-B885-DDFB0789D39B}"
EndProject
Project("{FAE04EC0-301F-11D3-BF4B-00C04F79EFBC}") = "Tyuiu.MedvedevDP.Sprint1.Task2.V4.Test", "Tyuiu.MedvedevDP.Sprint1.Task2.V4.Test\Tyuiu.MedvedevDP.Sprint1.Task2.V4.Test.csproj", "{88659AC2-5064-4023-8B3F-87F99B8D4D66}"
EndProject
Project("{FAE04EC0-301F-11D3-BF4B-00C04F79EFBC}") = "Tyuiu.MedvedevDP.Sprint1.Task2.V4.Lib", "Tyuiu.MedvedevDP.Sprint1.Task2.V4.Lib\Tyuiu.MedvedevDP.Sprint1.Task2.V4.Lib.csproj", "{B7FB8AAB-0052-48AB-B276-3F5A3992EE19}"
EndProject
Project("{2150E333-8FDC-42A3-9474-1A3956D46DE8}") = "Task3", "Task3", "{02EA681E-C7D8-13C7-8484-4AC65E1B71E8}"
EndProject
Project("{FAE04EC0-301F-11D3-BF4B-00C04F79EFBC}") = "Tyuiu.MedvedevDP.Sprint1.Task3.V10", "Tyuiu.MedvedevDP.Sprint1.Task3.V10\Tyuiu.MedvedevDP.Sprint1.Task3.V10.csproj", "{0821B598-BAEF-4B58-BD32-84D524085C92}"
EndProject
Project("{FAE04EC0-301F-11D3-BF4B-00C04F79EFBC}") = "Tyuiu.MedvedevDP.Sprint1.Task3.V10.Lib", "Tyuiu.MedvedevDP.Sprint1.Task3.V10.Lib\Tyuiu.MedvedevDP.Sprint1.Task3.V10.Lib.csproj", "{46611726-97F5-4463-8C0B-A17A2456795C}"
EndProject
Project("{FAE04EC0-301F-11D3-BF4B-00C04F79EFBC}") = "Tyuiu.MedvedevDP.Sprint1.Task3.V10.Test", "Tyuiu.MedvedevDP.Sprint1.Task3.V10.Test\Tyuiu.MedvedevDP.Sprint1.Task3.V10.Test.csproj", "{00A9521F-D2D7-44DB-A0A9-50B272197A94}"
EndProject
Project("{2150E333-8FDC-42A3-9474-1A3956D46DE8}") = "Task4", "Task4", "{570056B7-2B17-4223-809B-3437DFECC428}"
EndProject
Project("{FAE04EC0-301F-11D3-BF4B-00C04F79EFBC}") = "Tyuiu.MedvedevDP.Sprint1.Task4.V6", "Tyuiu.MedvedevDP.Sprint1.Task4.V6\Tyuiu.MedvedevDP.Sprint1.Task4.V6.csproj", "{FC79BD41-763E-4EDD-BE05-B044EC2488C4}"
EndProject
Project("{FAE04EC0-301F-11D3-BF4B-00C04F79EFBC}") = "Tyuiu.MedvedevDP.Sprint1.Task4.V6.Test", "Tyuiu.MedvedevDP.Sprint1.Task4.V6.Test\Tyuiu.MedvedevDP.Sprint1.Task4.V6.Test.csproj", "{761B023E-6A47-4BD7-962F-3964288FD611}"
EndProject
Project("{FAE04EC0-301F-11D3-BF4B-00C04F79EFBC}") = "Tyuiu.MedvedevDP.Sprint1.Task4.V6.Lib", "Tyuiu.MedvedevDP.Sprint1.Task4.V6.Lib\Tyuiu.MedvedevDP.Sprint1.Task4.V6.Lib.csproj", "{D0B5A6D2-FAF8-4526-8554-71541FCDA959}"
EndProject
Global
	GlobalSection(SolutionConfigurationPlatforms) = preSolution
		Debug|Any CPU = Debug|Any CPU
		Release|Any CPU = Release|Any CPU
	EndGlobalSection
	GlobalSection(ProjectConfigurationPlatforms) = postSolution
		{3980C5FA-AFEE-49AD-A19C-8BA7DA680CC8}.Debug|Any CPU.ActiveCfg = Debug|Any CPU
		{3980C5FA-AFEE-49AD-A19C-8BA7DA680CC8}.Debug|Any CPU.Build.0 = Debug|Any CPU
		{3980C5FA-AFEE-49AD-A19C-8BA7DA680CC8}.Release|Any CPU.ActiveCfg = Release|Any CPU
		{3980C5FA-AFEE-49AD-A19C-8BA7DA680CC8}.Release|Any CPU.Build.0 = Release|Any CPU
		{0759DE53-19D5-4813-9048-C8C32046B306}.Debug|Any CPU.ActiveCfg = Debug|Any CPU
		{0759DE53-19D5-4813-9048-C8C32046B306}.Debug|Any CPU.Build.0 = Debug|Any CPU
		{0759DE53-19D5-4813-9048-C8C32046B306}.Release|Any CPU.ActiveCfg = Release|Any CPU
		{0759DE53-19D5-4813-9048-C8C32046B306}.Release|Any CPU.Build.0 = Release|Any CPU
		{08CA1453-A911-4D6F-9C9A-68C3E3DCF3BE}.Debug|Any CPU.ActiveCfg = Debug|Any CPU
		{08CA1453-A911-4D6F-9C9A-68C3E3DCF3BE}.Debug|Any CPU.Build.0 = Debug|Any CPU
		{08CA1453-A911-4D6F-9C9A-68C3E3DCF3BE}.Release|Any CPU.ActiveCfg = Release|Any CPU
		{08CA1453-A911-4D6F-9C9A-68C3E3DCF3BE}.Release|Any CPU.Build.0 = Release|Any CPU
		{30F6DC61-31BF-4327-9E38-2E5FEDA7C591}.Debug|Any CPU.ActiveCfg = Debug|Any CPU
		{30F6DC61-31BF-4327-9E38-2E5FEDA7C591}.Debug|Any CPU.Build.0 = Debug|Any CPU
		{30F6DC61-31BF-4327-9E38-2E5FEDA7C591}.Release|Any CPU.ActiveCfg = Release|Any CPU
		{30F6DC61-31BF-4327-9E38-2E5FEDA7C591}.Release|Any CPU.Build.0 = Release|Any CPU
		{E95E6845-7B0F-4788-9A64-19242A7AD6EB}.Debug|Any CPU.ActiveCfg = Debug|Any CPU
		{E95E6845-7B0F-4788-9A64-19242A7AD6EB}.Debug|Any CPU.Build.0 = Debug|Any CPU
		{E95E6845-7B0F-4788-9A64-19242A7AD6EB}.Release|Any CPU.ActiveCfg = Release|Any CPU
		{E95E6845-7B0F-4788-9A64-19242A7AD6EB}.Release|Any CPU.Build.0 = Release|Any CPU
		{22EA8F30-C69F-4A05-A6A2-B0B35478C8D2}.Debug|Any CPU.ActiveCfg = Debug|Any CPU
		{22EA8F30-C69F-4A05-A6A2-B0B35478C8D2}.Debug|Any CPU.Build.0 = Debug|Any CPU
		{22EA8F30-C69F-4A05-A6A2-B0B35478C8D2}.Release|Any CPU.ActiveCfg = Release|Any CPU
		{22EA8F30-C69F-4A05-A6A2-B0B35478C8D2}.Release|Any CPU.Build.0 = Release|Any CPU
		{A7690796-8B04-416E-B885-DDFB0789D39B}.Debug|Any CPU.ActiveCfg = Debug|Any CPU
		{A7690796-8B04-416E-B885-DDFB0789D39B}.Debug|Any CPU.Build.0 = Debug|Any CPU
		{A7690796-8B04-416E-B885-DDFB0789D39B}.Release|Any CPU.ActiveCfg = Release|Any CPU
		{A7690796-8B04-416E-B885-DDFB0789D39B}.Release|Any CPU.Build.0 = Release|Any CPU
		{88659AC2-5064-4023-8B3F-87F99B8D4D66}.Debug|Any CPU.ActiveCfg = Debug|Any CPU
		{88659AC2-5064-4023-8B3F-87F99B8D4D66}.Debug|Any CPU.Build.0 = Debug|Any CPU
		{88659AC2-5064-4023-8B3F-87F99B8D4D66}.Release|Any CPU.ActiveCfg = Release|Any CPU
		{88659AC2-5064-4023-8B3F-87F99B8D4D66}.Release|Any CPU.Build.0 = Release|Any CPU
		{B7FB8AAB-0052-48AB-B276-3F5A3992EE19}.Debug|Any CPU.ActiveCfg = Debug|Any CPU
		{B7FB8AAB-0052-48AB-B276-3F5A3992EE19}.Debug|Any CPU.Build.0 = Debug|Any CPU
		{B7FB8AAB-0052-48AB-B276-3F5A3992EE19}.Release|Any CPU.ActiveCfg = Release|Any CPU
		{B7FB8AAB-0052-48AB-B276-3F5A3992EE19}.Release|Any CPU.Build.0 = Release|Any CPU
		{0821B598-BAEF-4B58-BD32-84D524085C92}.Debug|Any CPU.ActiveCfg = Debug|Any CPU
		{0821B598-BAEF-4B58-BD32-84D524085C92}.Debug|Any CPU.Build.0 = Debug|Any CPU
		{0821B598-BAEF-4B58-BD32-84D524085C92}.Release|Any CPU.ActiveCfg = Release|Any CPU
		{0821B598-BAEF-4B58-BD32-84D524085C92}.Release|Any CPU.Build.0 = Release|Any CPU
		{46611726-97F5-4463-8C0B-A17A2456795C}.Debug|Any CPU.ActiveCfg = Debug|Any CPU
		{46611726-97F5-4463-8C0B-A17A2456795C}.Debug|Any CPU.Build.0 = Debug|Any CPU
		{46611726-97F5-4463-8C0B-A17A2456795C}.Release|Any CPU.ActiveCfg = Release|Any CPU
		{46611726-97F5-4463-8C0B-A17A2456795C}.Release|Any CPU.Build.0 = Release|Any CPU
		{00A9521F-D2D7-44DB-A0A9-50B272197A94}.Debug|Any CPU.ActiveCfg = Debug|Any CPU
		{00A9521F-D2D7-44DB-A0A9-50B272197A94}.Debug|Any CPU.Build.0 = Debug|Any CPU
		{00A9521F-D2D7-44DB-A0A9-50B272197A94}.Release|Any CPU.ActiveCfg = Release|Any CPU
		{00A9521F-D2D7-44DB-A0A9-50B272197A94}.Release|Any CPU.Build.0 = Release|Any CPU
		{FC79BD41-763E-4EDD-BE05-B044EC2488C4}.Debug|Any CPU.ActiveCfg = Debug|Any CPU
		{FC79BD41-763E-4EDD-BE05-B044EC2488C4}.Debug|Any CPU.Build.0 = Debug|Any CPU
		{FC79BD41-763E-4EDD-BE05-B044EC2488C4}.Release|Any CPU.ActiveCfg = Release|Any CPU
		{FC79BD41-763E-4EDD-BE05-B044EC2488C4}.Release|Any CPU.Build.0 = Release|Any CPU
		{761B023E-6A47-4BD7-962F-3964288FD611}.Debug|Any CPU.ActiveCfg = Debug|Any CPU
		{761B023E-6A47-4BD7-962F-3964288FD611}.Debug|Any CPU.Build.0 = Debug|Any CPU
		{761B023E-6A47-4BD7-962F-3964288FD611}.Release|Any CPU.ActiveCfg = Release|Any CPU
		{761B023E-6A47-4BD7-962F-3964288FD611}.Release|Any CPU.Build.0 = Release|Any CPU
		{D0B5A6D2-FAF8-4526-8554-71541FCDA959}.Debug|Any CPU.ActiveCfg = Debug|Any CPU
		{D0B5A6D2-FAF8-4526-8554-71541FCDA959}.Debug|Any CPU.Build.0 = Debug|Any CPU
		{D0B5A6D2-FAF8-4526-8554-71541FCDA959}.Release|Any CPU.ActiveCfg = Release|Any CPU
		{D0B5A6D2-FAF8-4526-8554-71541FCDA959}.Release|Any CPU.Build.0 = Release|Any CPU
	EndGlobalSection
	GlobalSection(SolutionProperties) = preSolution
		HideSolutionNode = FALSE
	EndGlobalSection
	GlobalSection(NestedProjects) = preSolution
		{0821B598-BAEF-4B58-BD32-84D524085C92} = {02EA681E-C7D8-13C7-8484-4AC65E1B71E8}
		{46611726-97F5-4463-8C0B-A17A2456795C} = {02EA681E-C7D8-13C7-8484-4AC65E1B71E8}
		{00A9521F-D2D7-44DB-A0A9-50B272197A94} = {02EA681E-C7D8-13C7-8484-4AC65E1B71E8}
		{FC79BD41-763E-4EDD-BE05-B044EC2488C4} = {570056B7-2B17-4223-809B-3437DFECC428}
		{761B023E-6A47-4BD7-962F-3964288FD611} = {570056B7-2B17-4223-809B-3437DFECC428}
		{D0B5A6D2-FAF8-4526-8554-71541FCDA959} = {570056B7-2B17-4223-809B-3437DFECC428}
	EndGlobalSection
	GlobalSection(ExtensibilityGlobals) = postSolution
		SolutionGuid = {7EB01C2E-A621-444E-A437-C09AF5A878C9}
	EndGlobalSection
EndGlobal
